
Microsoft Visual Studio Solution File, Format Version 11.00
# Visual Studio 2010
Project("{FAE04EC0-301F-11D3-BF4B-00C04F79EFBC}") = "FacebookIntegration", "FacebookIntegration\FacebookIntegration.csproj", "{49F285EB-816E-494C-A63D-629522E165BA}"
EndProject
Project("{FAE04EC0-301F-11D3-BF4B-00C04F79EFBC}") = "SampleWebRole", "SampleWebRole\SampleWebRole.csproj", "{A34E710A-E538-47F3-926C-12BC114FEBDE}"
EndProject
Global
	GlobalSection(SolutionConfigurationPlatforms) = preSolution
		Debug|Any CPU = Debug|Any CPU
		Release|Any CPU = Release|Any CPU
	EndGlobalSection
	GlobalSection(ProjectConfigurationPlatforms) = postSolution
		{49F285EB-816E-494C-A63D-629522E165BA}.Debug|Any CPU.ActiveCfg = Debug|Any CPU
		{49F285EB-816E-494C-A63D-629522E165BA}.Debug|Any CPU.Build.0 = Debug|Any CPU
		{49F285EB-816E-494C-A63D-629522E165BA}.Release|Any CPU.ActiveCfg = Release|Any CPU
		{49F285EB-816E-494C-A63D-629522E165BA}.Release|Any CPU.Build.0 = Release|Any CPU
		{A34E710A-E538-47F3-926C-12BC114FEBDE}.Debug|Any CPU.ActiveCfg = Debug|Any CPU
		{A34E710A-E538-47F3-926C-12BC114FEBDE}.Debug|Any CPU.Build.0 = Debug|Any CPU
		{A34E710A-E538-47F3-926C-12BC114FEBDE}.Release|Any CPU.ActiveCfg = Release|Any CPU
		{A34E710A-E538-47F3-926C-12BC114FEBDE}.Release|Any CPU.Build.0 = Release|Any CPU
	EndGlobalSection
	GlobalSection(SolutionProperties) = preSolution
		HideSolutionNode = FALSE
	EndGlobalSection
EndGlobal
